// !$*UTF8*$!
{
	archiveVersion = 1;
	classes = {
	};
	objectVersion = 46;
	objects = {

/* Begin PBXBuildFile section */
		579A483116F2C86000C2259A /* NSDog Running.png in Resources */ = {isa = PBXBuildFile; fileRef = 579A482D16F2C86000C2259A /* NSDog Running.png */; };
		579A483216F2C86000C2259A /* NSDog Running@2x.png in Resources */ = {isa = PBXBuildFile; fileRef = 579A482E16F2C86000C2259A /* NSDog Running@2x.png */; };
		579A483316F2C86000C2259A /* NSDog Success.png in Resources */ = {isa = PBXBuildFile; fileRef = 579A482F16F2C86000C2259A /* NSDog Success.png */; };
		579A483416F2C86000C2259A /* NSDog Success@2x.png in Resources */ = {isa = PBXBuildFile; fileRef = 579A483016F2C86000C2259A /* NSDog Success@2x.png */; };
		579A484016F2E68400C2259A /* RootViewController.xib in Resources */ = {isa = PBXBuildFile; fileRef = 579A483F16F2E68400C2259A /* RootViewController.xib */; };
		57DA6A4316F00521007C2055 /* UIKit.framework in Frameworks */ = {isa = PBXBuildFile; fileRef = 57DA6A4216F00521007C2055 /* UIKit.framework */; };
		57DA6A4516F00521007C2055 /* Foundation.framework in Frameworks */ = {isa = PBXBuildFile; fileRef = 57DA6A4416F00521007C2055 /* Foundation.framework */; };
		57DA6A4716F00521007C2055 /* CoreGraphics.framework in Frameworks */ = {isa = PBXBuildFile; fileRef = 57DA6A4616F00521007C2055 /* CoreGraphics.framework */; };
		57DA6A4D16F00521007C2055 /* InfoPlist.strings in Resources */ = {isa = PBXBuildFile; fileRef = 57DA6A4B16F00521007C2055 /* InfoPlist.strings */; };
		57DA6A4F16F00521007C2055 /* main.m in Sources */ = {isa = PBXBuildFile; fileRef = 57DA6A4E16F00521007C2055 /* main.m */; };
		57DA6A5316F00521007C2055 /* AppDelegate.m in Sources */ = {isa = PBXBuildFile; fileRef = 57DA6A5216F00521007C2055 /* AppDelegate.m */; };
		57DA6A5516F00521007C2055 /* Default.png in Resources */ = {isa = PBXBuildFile; fileRef = 57DA6A5416F00521007C2055 /* Default.png */; };
		57DA6A5716F00521007C2055 /* Default@2x.png in Resources */ = {isa = PBXBuildFile; fileRef = 57DA6A5616F00521007C2055 /* Default@2x.png */; };
		57DA6A5916F00521007C2055 /* Default-568h@2x.png in Resources */ = {isa = PBXBuildFile; fileRef = 57DA6A5816F00521007C2055 /* Default-568h@2x.png */; };
		57DA6A5C16F00521007C2055 /* RootViewController.m in Sources */ = {isa = PBXBuildFile; fileRef = 57DA6A5B16F00521007C2055 /* RootViewController.m */; };
		57DA6A7816F00598007C2055 /* NSDog.m in Sources */ = {isa = PBXBuildFile; fileRef = 57DA6A7716F00598007C2055 /* NSDog.m */; };
		57DA6A7B16F007ED007C2055 /* Kitten.m in Sources */ = {isa = PBXBuildFile; fileRef = 57DA6A7A16F007ED007C2055 /* Kitten.m */; };
		57DB5C8D18A30E1C00AF6ACF /* Icon.png in Resources */ = {isa = PBXBuildFile; fileRef = 57DB5C8B18A30E1C00AF6ACF /* Icon.png */; };
		57DB5C8E18A30E1C00AF6ACF /* Icon@2x.png in Resources */ = {isa = PBXBuildFile; fileRef = 57DB5C8C18A30E1C00AF6ACF /* Icon@2x.png */; };
/* End PBXBuildFile section */

/* Begin PBXFileReference section */
		579A482D16F2C86000C2259A /* NSDog Running.png */ = {isa = PBXFileReference; lastKnownFileType = image.png; name = "NSDog Running.png"; path = "Resources/NSDog Running.png"; sourceTree = "<group>"; };
		579A482E16F2C86000C2259A /* NSDog Running@2x.png */ = {isa = PBXFileReference; lastKnownFileType = image.png; name = "NSDog Running@2x.png"; path = "Resources/NSDog Running@2x.png"; sourceTree = "<group>"; };
		579A482F16F2C86000C2259A /* NSDog Success.png */ = {isa = PBXFileReference; lastKnownFileType = image.png; name = "NSDog Success.png"; path = "Resources/NSDog Success.png"; sourceTree = "<group>"; };
		579A483016F2C86000C2259A /* NSDog Success@2x.png */ = {isa = PBXFileReference; lastKnownFileType = image.png; name = "NSDog Success@2x.png"; path = "Resources/NSDog Success@2x.png"; sourceTree = "<group>"; };
		579A483F16F2E68400C2259A /* RootViewController.xib */ = {isa = PBXFileReference; fileEncoding = 4; lastKnownFileType = file.xib; path = RootViewController.xib; sourceTree = "<group>"; };
		57DA6A3F16F00521007C2055 /* NSDog.app */ = {isa = PBXFileReference; explicitFileType = wrapper.application; includeInIndex = 0; path = NSDog.app; sourceTree = BUILT_PRODUCTS_DIR; };
		57DA6A4216F00521007C2055 /* UIKit.framework */ = {isa = PBXFileReference; lastKnownFileType = wrapper.framework; name = UIKit.framework; path = System/Library/Frameworks/UIKit.framework; sourceTree = SDKROOT; };
		57DA6A4416F00521007C2055 /* Foundation.framework */ = {isa = PBXFileReference; lastKnownFileType = wrapper.framework; name = Foundation.framework; path = System/Library/Frameworks/Foundation.framework; sourceTree = SDKROOT; };
		57DA6A4616F00521007C2055 /* CoreGraphics.framework */ = {isa = PBXFileReference; lastKnownFileType = wrapper.framework; name = CoreGraphics.framework; path = System/Library/Frameworks/CoreGraphics.framework; sourceTree = SDKROOT; };
		57DA6A4A16F00521007C2055 /* NSDog-Info.plist */ = {isa = PBXFileReference; lastKnownFileType = text.plist.xml; path = "NSDog-Info.plist"; sourceTree = "<group>"; };
		57DA6A4C16F00521007C2055 /* en */ = {isa = PBXFileReference; lastKnownFileType = text.plist.strings; name = en; path = en.lproj/InfoPlist.strings; sourceTree = "<group>"; };
		57DA6A4E16F00521007C2055 /* main.m */ = {isa = PBXFileReference; lastKnownFileType = sourcecode.c.objc; path = main.m; sourceTree = "<group>"; };
		57DA6A5016F00521007C2055 /* NSDog-Prefix.pch */ = {isa = PBXFileReference; lastKnownFileType = sourcecode.c.h; path = "NSDog-Prefix.pch"; sourceTree = "<group>"; };
		57DA6A5116F00521007C2055 /* AppDelegate.h */ = {isa = PBXFileReference; lastKnownFileType = sourcecode.c.h; path = AppDelegate.h; sourceTree = "<group>"; };
		57DA6A5216F00521007C2055 /* AppDelegate.m */ = {isa = PBXFileReference; lastKnownFileType = sourcecode.c.objc; path = AppDelegate.m; sourceTree = "<group>"; };
		57DA6A5416F00521007C2055 /* Default.png */ = {isa = PBXFileReference; lastKnownFileType = image.png; path = Default.png; sourceTree = "<group>"; };
		57DA6A5616F00521007C2055 /* Default@2x.png */ = {isa = PBXFileReference; lastKnownFileType = image.png; path = "Default@2x.png"; sourceTree = "<group>"; };
		57DA6A5816F00521007C2055 /* Default-568h@2x.png */ = {isa = PBXFileReference; lastKnownFileType = image.png; path = "Default-568h@2x.png"; sourceTree = "<group>"; };
		57DA6A5A16F00521007C2055 /* RootViewController.h */ = {isa = PBXFileReference; lastKnownFileType = sourcecode.c.h; path = RootViewController.h; sourceTree = "<group>"; };
		57DA6A5B16F00521007C2055 /* RootViewController.m */ = {isa = PBXFileReference; lastKnownFileType = sourcecode.c.objc; path = RootViewController.m; sourceTree = "<group>"; };
		57DA6A7616F00598007C2055 /* NSDog.h */ = {isa = PBXFileReference; fileEncoding = 4; lastKnownFileType = sourcecode.c.h; path = NSDog.h; sourceTree = "<group>"; };
		57DA6A7716F00598007C2055 /* NSDog.m */ = {isa = PBXFileReference; fileEncoding = 4; lastKnownFileType = sourcecode.c.objc; path = NSDog.m; sourceTree = "<group>"; };
		57DA6A7916F007ED007C2055 /* Kitten.h */ = {isa = PBXFileReference; fileEncoding = 4; lastKnownFileType = sourcecode.c.h; path = Kitten.h; sourceTree = "<group>"; };
		57DA6A7A16F007ED007C2055 /* Kitten.m */ = {isa = PBXFileReference; fileEncoding = 4; lastKnownFileType = sourcecode.c.objc; path = Kitten.m; sourceTree = "<group>"; };
		57DB5C8B18A30E1C00AF6ACF /* Icon.png */ = {isa = PBXFileReference; lastKnownFileType = image.png; path = Icon.png; sourceTree = "<group>"; };
		57DB5C8C18A30E1C00AF6ACF /* Icon@2x.png */ = {isa = PBXFileReference; lastKnownFileType = image.png; path = "Icon@2x.png"; sourceTree = "<group>"; };
/* End PBXFileReference section */

/* Begin PBXFrameworksBuildPhase section */
		57DA6A3C16F00521007C2055 /* Frameworks */ = {
			isa = PBXFrameworksBuildPhase;
			buildActionMask = 2147483647;
			files = (
				57DA6A4316F00521007C2055 /* UIKit.framework in Frameworks */,
				57DA6A4516F00521007C2055 /* Foundation.framework in Frameworks */,
				57DA6A4716F00521007C2055 /* CoreGraphics.framework in Frameworks */,
			);
			runOnlyForDeploymentPostprocessing = 0;
		};
/* End PBXFrameworksBuildPhase section */

/* Begin PBXGroup section */
		579A482C16F2C7E500C2259A /* Resources */ = {
			isa = PBXGroup;
			children = (
				57DB5C8B18A30E1C00AF6ACF /* Icon.png */,
				57DB5C8C18A30E1C00AF6ACF /* Icon@2x.png */,
				579A482D16F2C86000C2259A /* NSDog Running.png */,
				579A482E16F2C86000C2259A /* NSDog Running@2x.png */,
				579A482F16F2C86000C2259A /* NSDog Success.png */,
				579A483016F2C86000C2259A /* NSDog Success@2x.png */,
			);
			name = Resources;
			sourceTree = "<group>";
		};
		57DA6A3616F00521007C2055 = {
			isa = PBXGroup;
			children = (
				57DA6A4816F00521007C2055 /* NSDog */,
				57DA6A4116F00521007C2055 /* Frameworks */,
				57DA6A4016F00521007C2055 /* Products */,
			);
			sourceTree = "<group>";
		};
		57DA6A4016F00521007C2055 /* Products */ = {
			isa = PBXGroup;
			children = (
				57DA6A3F16F00521007C2055 /* NSDog.app */,
			);
			name = Products;
			sourceTree = "<group>";
		};
		57DA6A4116F00521007C2055 /* Frameworks */ = {
			isa = PBXGroup;
			children = (
				57DA6A4216F00521007C2055 /* UIKit.framework */,
				57DA6A4416F00521007C2055 /* Foundation.framework */,
				57DA6A4616F00521007C2055 /* CoreGraphics.framework */,
			);
			name = Frameworks;
			sourceTree = "<group>";
		};
		57DA6A4816F00521007C2055 /* NSDog */ = {
			isa = PBXGroup;
			children = (
				57DA6A5116F00521007C2055 /* AppDelegate.h */,
				57DA6A5216F00521007C2055 /* AppDelegate.m */,
				57DA6A5A16F00521007C2055 /* RootViewController.h */,
				57DA6A5B16F00521007C2055 /* RootViewController.m */,
				57DA6A7616F00598007C2055 /* NSDog.h */,
				57DA6A7716F00598007C2055 /* NSDog.m */,
				57DA6A7916F007ED007C2055 /* Kitten.h */,
				57DA6A7A16F007ED007C2055 /* Kitten.m */,
				579A483F16F2E68400C2259A /* RootViewController.xib */,
				579A482C16F2C7E500C2259A /* Resources */,
				57DA6A4916F00521007C2055 /* Supporting Files */,
			);
			path = NSDog;
			sourceTree = "<group>";
		};
		57DA6A4916F00521007C2055 /* Supporting Files */ = {
			isa = PBXGroup;
			children = (
				57DA6A4A16F00521007C2055 /* NSDog-Info.plist */,
				57DA6A4B16F00521007C2055 /* InfoPlist.strings */,
				57DA6A4E16F00521007C2055 /* main.m */,
				57DA6A5016F00521007C2055 /* NSDog-Prefix.pch */,
				57DA6A5416F00521007C2055 /* Default.png */,
				57DA6A5616F00521007C2055 /* Default@2x.png */,
				57DA6A5816F00521007C2055 /* Default-568h@2x.png */,
			);
			name = "Supporting Files";
			sourceTree = "<group>";
		};
/* End PBXGroup section */

/* Begin PBXNativeTarget section */
		57DA6A3E16F00521007C2055 /* NSDog */ = {
			isa = PBXNativeTarget;
			buildConfigurationList = 57DA6A6216F00521007C2055 /* Build configuration list for PBXNativeTarget "NSDog" */;
			buildPhases = (
				57DA6A3B16F00521007C2055 /* Sources */,
				57DA6A3C16F00521007C2055 /* Frameworks */,
				57DA6A3D16F00521007C2055 /* Resources */,
			);
			buildRules = (
			);
			dependencies = (
			);
			name = NSDog;
			productName = NSDog;
			productReference = 57DA6A3F16F00521007C2055 /* NSDog.app */;
			productType = "com.apple.product-type.application";
		};
/* End PBXNativeTarget section */

/* Begin PBXProject section */
		57DA6A3716F00521007C2055 /* Project object */ = {
			isa = PBXProject;
			attributes = {
				LastUpgradeCheck = 0460;
				ORGANIZATIONNAME = DeadRatGames;
			};
			buildConfigurationList = 57DA6A3A16F00521007C2055 /* Build configuration list for PBXProject "NSDog" */;
			compatibilityVersion = "Xcode 3.2";
			developmentRegion = English;
			hasScannedForEncodings = 0;
			knownRegions = (
				en,
			);
			mainGroup = 57DA6A3616F00521007C2055;
			productRefGroup = 57DA6A4016F00521007C2055 /* Products */;
			projectDirPath = "";
			projectRoot = "";
			targets = (
				57DA6A3E16F00521007C2055 /* NSDog */,
			);
		};
/* End PBXProject section */

/* Begin PBXResourcesBuildPhase section */
		57DA6A3D16F00521007C2055 /* Resources */ = {
			isa = PBXResourcesBuildPhase;
			buildActionMask = 2147483647;
			files = (
				57DA6A4D16F00521007C2055 /* InfoPlist.strings in Resources */,
				57DA6A5516F00521007C2055 /* Default.png in Resources */,
				57DB5C8D18A30E1C00AF6ACF /* Icon.png in Resources */,
				57DA6A5716F00521007C2055 /* Default@2x.png in Resources */,
				57DA6A5916F00521007C2055 /* Default-568h@2x.png in Resources */,
				57DB5C8E18A30E1C00AF6ACF /* Icon@2x.png in Resources */,
				579A483116F2C86000C2259A /* NSDog Running.png in Resources */,
				579A483216F2C86000C2259A /* NSDog Running@2x.png in Resources */,
				579A483316F2C86000C2259A /* NSDog Success.png in Resources */,
				579A483416F2C86000C2259A /* NSDog Success@2x.png in Resources */,
				579A484016F2E68400C2259A /* RootViewController.xib in Resources */,
			);
			runOnlyForDeploymentPostprocessing = 0;
		};
/* End PBXResourcesBuildPhase section */

/* Begin PBXSourcesBuildPhase section */
		57DA6A3B16F00521007C2055 /* Sources */ = {
			isa = PBXSourcesBuildPhase;
			buildActionMask = 2147483647;
			files = (
				57DA6A4F16F00521007C2055 /* main.m in Sources */,
				57DA6A5316F00521007C2055 /* AppDelegate.m in Sources */,
				57DA6A5C16F00521007C2055 /* RootViewController.m in Sources */,
				57DA6A7816F00598007C2055 /* NSDog.m in Sources */,
				57DA6A7B16F007ED007C2055 /* Kitten.m in Sources */,
			);
			runOnlyForDeploymentPostprocessing = 0;
		};
/* End PBXSourcesBuildPhase section */

/* Begin PBXVariantGroup section */
		57DA6A4B16F00521007C2055 /* InfoPlist.strings */ = {
			isa = PBXVariantGroup;
			children = (
				57DA6A4C16F00521007C2055 /* en */,
			);
			name = InfoPlist.strings;
			sourceTree = "<group>";
		};
/* End PBXVariantGroup section */

/* Begin XCBuildConfiguration section */
		57DA6A6016F00521007C2055 /* Debug */ = {
			isa = XCBuildConfiguration;
			buildSettings = {
				ALWAYS_SEARCH_USER_PATHS = NO;
				CLANG_CXX_LANGUAGE_STANDARD = "gnu++0x";
				CLANG_CXX_LIBRARY = "libc++";
				CLANG_ENABLE_OBJC_ARC = YES;
				CLANG_WARN_CONSTANT_CONVERSION = YES;
				CLANG_WARN_EMPTY_BODY = YES;
				CLANG_WARN_ENUM_CONVERSION = YES;
				CLANG_WARN_INT_CONVERSION = YES;
				CLANG_WARN__DUPLICATE_METHOD_MATCH = YES;
				"CODE_SIGN_IDENTITY[sdk=iphoneos*]" = "iPhone Developer";
				COPY_PHASE_STRIP = NO;
				GCC_C_LANGUAGE_STANDARD = gnu99;
				GCC_DYNAMIC_NO_PIC = NO;
				GCC_OPTIMIZATION_LEVEL = 0;
				GCC_PREPROCESSOR_DEFINITIONS = (
					"DEBUG=1",
					"$(inherited)",
				);
				GCC_SYMBOLS_PRIVATE_EXTERN = NO;
				GCC_WARN_ABOUT_RETURN_TYPE = YES;
				GCC_WARN_UNINITIALIZED_AUTOS = YES;
				GCC_WARN_UNUSED_VARIABLE = YES;
				IPHONEOS_DEPLOYMENT_TARGET = 6.1;
				ONLY_ACTIVE_ARCH = YES;
				SDKROOT = iphoneos;
			};
			name = Debug;
		};
		57DA6A6116F00521007C2055 /* Release */ = {
			isa = XCBuildConfiguration;
			buildSettings = {
				ALWAYS_SEARCH_USER_PATHS = NO;
				CLANG_CXX_LANGUAGE_STANDARD = "gnu++0x";
				CLANG_CXX_LIBRARY = "libc++";
				CLANG_ENABLE_OBJC_ARC = YES;
				CLANG_WARN_CONSTANT_CONVERSION = YES;
				CLANG_WARN_EMPTY_BODY = YES;
				CLANG_WARN_ENUM_CONVERSION = YES;
				CLANG_WARN_INT_CONVERSION = YES;
				CLANG_WARN__DUPLICATE_METHOD_MATCH = YES;
				"CODE_SIGN_IDENTITY[sdk=iphoneos*]" = "iPhone Developer";
				COPY_PHASE_STRIP = YES;
				GCC_C_LANGUAGE_STANDARD = gnu99;
				GCC_WARN_ABOUT_RETURN_TYPE = YES;
				GCC_WARN_UNINITIALIZED_AUTOS = YES;
				GCC_WARN_UNUSED_VARIABLE = YES;
				IPHONEOS_DEPLOYMENT_TARGET = 6.1;
				OTHER_CFLAGS = "-DNS_BLOCK_ASSERTIONS=1";
				SDKROOT = iphoneos;
				VALIDATE_PRODUCT = YES;
			};
			name = Release;
		};
		57DA6A6316F00521007C2055 /* Debug */ = {
			isa = XCBuildConfiguration;
			buildSettings = {
				GCC_PRECOMPILE_PREFIX_HEADER = YES;
				GCC_PREFIX_HEADER = "NSDog/NSDog-Prefix.pch";
				GCC_PREPROCESSOR_DEFINITIONS = (
					"DISABLE_BARKING_BY_DEFAULT_FOR_THE_DEMO_APP=1",
					"$(inherited)",
				);
				INFOPLIST_FILE = "NSDog/NSDog-Info.plist";
				IPHONEOS_DEPLOYMENT_TARGET = 5.0;
				PRODUCT_NAME = "$(TARGET_NAME)";
				WRAPPER_EXTENSION = app;
			};
			name = Debug;
		};
		57DA6A6416F00521007C2055 /* Release */ = {
			isa = XCBuildConfiguration;
			buildSettings = {
				GCC_PRECOMPILE_PREFIX_HEADER = YES;
				GCC_PREFIX_HEADER = "NSDog/NSDog-Prefix.pch";
				INFOPLIST_FILE = "NSDog/NSDog-Info.plist";
				IPHONEOS_DEPLOYMENT_TARGET = 5.0;
				PRODUCT_NAME = "$(TARGET_NAME)";
				WRAPPER_EXTENSION = app;
			};
			name = Release;
		};
/* End XCBuildConfiguration section */

/* Begin XCConfigurationList section */
		57DA6A3A16F00521007C2055 /* Build configuration list for PBXProject "NSDog" */ = {
			isa = XCConfigurationList;
			buildConfigurations = (
				57DA6A6016F00521007C2055 /* Debug */,
				57DA6A6116F00521007C2055 /* Release */,
			);
			defaultConfigurationIsVisible = 0;
			defaultConfigurationName = Release;
		};
		57DA6A6216F00521007C2055 /* Build configuration list for PBXNativeTarget "NSDog" */ = {
			isa = XCConfigurationList;
			buildConfigurations = (
				57DA6A6316F00521007C2055 /* Debug */,
				57DA6A6416F00521007C2055 /* Release */,
			);
			defaultConfigurationIsVisible = 0;
			defaultConfigurationName = Release;
		};
/* End XCConfigurationList section */
	};
	rootObject = 57DA6A3716F00521007C2055 /* Project object */;
}
